
Microsoft Visual Studio Solution File, Format Version 12.00
# Visual Studio 2013
Project("{FAE04EC0-301F-11D3-BF4B-00C04F79EFBC}") = "UnityVS.glass-pong.CSharp", "UnityVS.glass-pong.CSharp.csproj", "{72EAC391-FB66-8F25-C825-19C812CD040E}"
EndProject
Global
	GlobalSection(SolutionConfigurationPlatforms) = preSolution
		Debug|Any CPU = Debug|Any CPU
		Release|Any CPU = Release|Any CPU
	EndGlobalSection
	GlobalSection(ProjectConfigurationPlatforms) = postSolution
		{72EAC391-FB66-8F25-C825-19C812CD040E}.Debug|Any CPU.ActiveCfg = Debug|Any CPU
		{72EAC391-FB66-8F25-C825-19C812CD040E}.Debug|Any CPU.Build.0 = Debug|Any CPU
		{72EAC391-FB66-8F25-C825-19C812CD040E}.Release|Any CPU.ActiveCfg = Release|Any CPU
		{72EAC391-FB66-8F25-C825-19C812CD040E}.Release|Any CPU.Build.0 = Release|Any CPU
	EndGlobalSection
	GlobalSection(SolutionProperties) = preSolution
		HideSolutionNode = FALSE
	EndGlobalSection
EndGlobal
